
Microsoft Visual Studio Solution File, Format Version 12.00
# Visual Studio Version 16
VisualStudioVersion = 16.0.32602.291
MinimumVisualStudioVersion = 10.0.40219.1
Project("{FAE04EC0-301F-11D3-BF4B-00C04F79EFBC}") = "[algorytm 3] liczby strobogramatyczne", "[algorytm 3] liczby strobogramatyczne\[algorytm 3] liczby strobogramatyczne.csproj", "{80C31583-5F48-4317-BD2D-BEA136AEEFDD}"
EndProject
Global
	GlobalSection(SolutionConfigurationPlatforms) = preSolution
		Debug|Any CPU = Debug|Any CPU
		Release|Any CPU = Release|Any CPU
	EndGlobalSection
	GlobalSection(ProjectConfigurationPlatforms) = postSolution
		{80C31583-5F48-4317-BD2D-BEA136AEEFDD}.Debug|Any CPU.ActiveCfg = Debug|Any CPU
		{80C31583-5F48-4317-BD2D-BEA136AEEFDD}.Debug|Any CPU.Build.0 = Debug|Any CPU
		{80C31583-5F48-4317-BD2D-BEA136AEEFDD}.Release|Any CPU.ActiveCfg = Release|Any CPU
		{80C31583-5F48-4317-BD2D-BEA136AEEFDD}.Release|Any CPU.Build.0 = Release|Any CPU
	EndGlobalSection
	GlobalSection(SolutionProperties) = preSolution
		HideSolutionNode = FALSE
	EndGlobalSection
	GlobalSection(ExtensibilityGlobals) = postSolution
		SolutionGuid = {93468BF9-053F-4E73-A96C-9CD2753ED232}
	EndGlobalSection
EndGlobal
